// !$*UTF8*$!
{
	archiveVersion = 1;
	classes = {
	};
	objectVersion = 55;
	objects = {

/* Begin PBXBuildFile section */
		882174DA28DF84A90008C347 /* .gitignore in Resources */ = {isa = PBXBuildFile; fileRef = 882174D928DF84A90008C347 /* .gitignore */; };
		882174DC28DF86FD0008C347 /* TrackList.swift in Sources */ = {isa = PBXBuildFile; fileRef = 882174DB28DF86FD0008C347 /* TrackList.swift */; };
		882174DE28E05E500008C347 /* DetailVC.swift in Sources */ = {isa = PBXBuildFile; fileRef = 882174DD28E05E500008C347 /* DetailVC.swift */; };
		882174E028E07A860008C347 /* TrackCollections.swift in Sources */ = {isa = PBXBuildFile; fileRef = 882174DF28E07A860008C347 /* TrackCollections.swift */; };
		882174E228E07AD30008C347 /* TrackCell.swift in Sources */ = {isa = PBXBuildFile; fileRef = 882174E128E07AD30008C347 /* TrackCell.swift */; };
		88B8F11128C8A34F00DD365A /* AppDelegate.swift in Sources */ = {isa = PBXBuildFile; fileRef = 88B8F11028C8A34F00DD365A /* AppDelegate.swift */; };
		88B8F11328C8A34F00DD365A /* SceneDelegate.swift in Sources */ = {isa = PBXBuildFile; fileRef = 88B8F11228C8A34F00DD365A /* SceneDelegate.swift */; };
		88B8F11528C8A34F00DD365A /* ViewController.swift in Sources */ = {isa = PBXBuildFile; fileRef = 88B8F11428C8A34F00DD365A /* ViewController.swift */; };
		88B8F11828C8A34F00DD365A /* Main.storyboard in Resources */ = {isa = PBXBuildFile; fileRef = 88B8F11628C8A34F00DD365A /* Main.storyboard */; };
		88B8F11A28C8A35100DD365A /* Assets.xcassets in Resources */ = {isa = PBXBuildFile; fileRef = 88B8F11928C8A35100DD365A /* Assets.xcassets */; };
		88B8F11D28C8A35100DD365A /* LaunchScreen.storyboard in Resources */ = {isa = PBXBuildFile; fileRef = 88B8F11B28C8A35100DD365A /* LaunchScreen.storyboard */; };
/* End PBXBuildFile section */

/* Begin PBXFileReference section */
		882174D928DF84A90008C347 /* .gitignore */ = {isa = PBXFileReference; lastKnownFileType = text; path = .gitignore; sourceTree = "<group>"; };
		882174DB28DF86FD0008C347 /* TrackList.swift */ = {isa = PBXFileReference; lastKnownFileType = sourcecode.swift; path = TrackList.swift; sourceTree = "<group>"; };
		882174DD28E05E500008C347 /* DetailVC.swift */ = {isa = PBXFileReference; lastKnownFileType = sourcecode.swift; path = DetailVC.swift; sourceTree = "<group>"; };
		882174DF28E07A860008C347 /* TrackCollections.swift */ = {isa = PBXFileReference; lastKnownFileType = sourcecode.swift; path = TrackCollections.swift; sourceTree = "<group>"; };
		882174E128E07AD30008C347 /* TrackCell.swift */ = {isa = PBXFileReference; lastKnownFileType = sourcecode.swift; path = TrackCell.swift; sourceTree = "<group>"; };
		88B8F10D28C8A34F00DD365A /* All UIKit.app */ = {isa = PBXFileReference; explicitFileType = wrapper.application; includeInIndex = 0; path = "All UIKit.app"; sourceTree = BUILT_PRODUCTS_DIR; };
		88B8F11028C8A34F00DD365A /* AppDelegate.swift */ = {isa = PBXFileReference; lastKnownFileType = sourcecode.swift; path = AppDelegate.swift; sourceTree = "<group>"; };
		88B8F11228C8A34F00DD365A /* SceneDelegate.swift */ = {isa = PBXFileReference; lastKnownFileType = sourcecode.swift; path = SceneDelegate.swift; sourceTree = "<group>"; };
		88B8F11428C8A34F00DD365A /* ViewController.swift */ = {isa = PBXFileReference; lastKnownFileType = sourcecode.swift; path = ViewController.swift; sourceTree = "<group>"; };
		88B8F11728C8A34F00DD365A /* Base */ = {isa = PBXFileReference; lastKnownFileType = file.storyboard; name = Base; path = Base.lproj/Main.storyboard; sourceTree = "<group>"; };
		88B8F11928C8A35100DD365A /* Assets.xcassets */ = {isa = PBXFileReference; lastKnownFileType = folder.assetcatalog; path = Assets.xcassets; sourceTree = "<group>"; };
		88B8F11C28C8A35100DD365A /* Base */ = {isa = PBXFileReference; lastKnownFileType = file.storyboard; name = Base; path = Base.lproj/LaunchScreen.storyboard; sourceTree = "<group>"; };
		88B8F11E28C8A35100DD365A /* Info.plist */ = {isa = PBXFileReference; lastKnownFileType = text.plist.xml; path = Info.plist; sourceTree = "<group>"; };
/* End PBXFileReference section */

/* Begin PBXFrameworksBuildPhase section */
		88B8F10A28C8A34F00DD365A /* Frameworks */ = {
			isa = PBXFrameworksBuildPhase;
			buildActionMask = 2147483647;
			files = (
			);
			runOnlyForDeploymentPostprocessing = 0;
		};
/* End PBXFrameworksBuildPhase section */

/* Begin PBXGroup section */
		88B8F10428C8A34F00DD365A = {
			isa = PBXGroup;
			children = (
				882174D928DF84A90008C347 /* .gitignore */,
				88B8F10F28C8A34F00DD365A /* All UIKit */,
				88B8F10E28C8A34F00DD365A /* Products */,
			);
			sourceTree = "<group>";
		};
		88B8F10E28C8A34F00DD365A /* Products */ = {
			isa = PBXGroup;
			children = (
				88B8F10D28C8A34F00DD365A /* All UIKit.app */,
			);
			name = Products;
			sourceTree = "<group>";
		};
		88B8F10F28C8A34F00DD365A /* All UIKit */ = {
			isa = PBXGroup;
			children = (
				88B8F11028C8A34F00DD365A /* AppDelegate.swift */,
				88B8F11228C8A34F00DD365A /* SceneDelegate.swift */,
				88B8F11428C8A34F00DD365A /* ViewController.swift */,
				882174DB28DF86FD0008C347 /* TrackList.swift */,
				882174DF28E07A860008C347 /* TrackCollections.swift */,
				882174E128E07AD30008C347 /* TrackCell.swift */,
				882174DD28E05E500008C347 /* DetailVC.swift */,
				88B8F11628C8A34F00DD365A /* Main.storyboard */,
				88B8F11928C8A35100DD365A /* Assets.xcassets */,
				88B8F11B28C8A35100DD365A /* LaunchScreen.storyboard */,
				88B8F11E28C8A35100DD365A /* Info.plist */,
			);
			path = "All UIKit";
			sourceTree = "<group>";
		};
/* End PBXGroup section */

/* Begin PBXNativeTarget section */
		88B8F10C28C8A34F00DD365A /* All UIKit */ = {
			isa = PBXNativeTarget;
			buildConfigurationList = 88B8F12128C8A35100DD365A /* Build configuration list for PBXNativeTarget "All UIKit" */;
			buildPhases = (
				88B8F10928C8A34F00DD365A /* Sources */,
				88B8F10A28C8A34F00DD365A /* Frameworks */,
				88B8F10B28C8A34F00DD365A /* Resources */,
			);
			buildRules = (
			);
			dependencies = (
			);
			name = "All UIKit";
			productName = "All UIKit";
			productReference = 88B8F10D28C8A34F00DD365A /* All UIKit.app */;
			productType = "com.apple.product-type.application";
		};
/* End PBXNativeTarget section */

/* Begin PBXProject section */
		88B8F10528C8A34F00DD365A /* Project object */ = {
			isa = PBXProject;
			attributes = {
				BuildIndependentTargetsInParallel = 1;
				LastSwiftUpdateCheck = 1340;
				LastUpgradeCheck = 1340;
				TargetAttributes = {
					88B8F10C28C8A34F00DD365A = {
						CreatedOnToolsVersion = 13.4.1;
					};
				};
			};
			buildConfigurationList = 88B8F10828C8A34F00DD365A /* Build configuration list for PBXProject "All UIKit" */;
			compatibilityVersion = "Xcode 13.0";
			developmentRegion = en;
			hasScannedForEncodings = 0;
			knownRegions = (
				en,
				Base,
			);
			mainGroup = 88B8F10428C8A34F00DD365A;
			productRefGroup = 88B8F10E28C8A34F00DD365A /* Products */;
			projectDirPath = "";
			projectRoot = "";
			targets = (
				88B8F10C28C8A34F00DD365A /* All UIKit */,
			);
		};
/* End PBXProject section */

/* Begin PBXResourcesBuildPhase section */
		88B8F10B28C8A34F00DD365A /* Resources */ = {
			isa = PBXResourcesBuildPhase;
			buildActionMask = 2147483647;
			files = (
				882174DA28DF84A90008C347 /* .gitignore in Resources */,
				88B8F11D28C8A35100DD365A /* LaunchScreen.storyboard in Resources */,
				88B8F11A28C8A35100DD365A /* Assets.xcassets in Resources */,
				88B8F11828C8A34F00DD365A /* Main.storyboard in Resources */,
			);
			runOnlyForDeploymentPostprocessing = 0;
		};
/* End PBXResourcesBuildPhase section */

/* Begin PBXSourcesBuildPhase section */
		88B8F10928C8A34F00DD365A /* Sources */ = {
			isa = PBXSourcesBuildPhase;
			buildActionMask = 2147483647;
			files = (
				882174E228E07AD30008C347 /* TrackCell.swift in Sources */,
				882174DE28E05E500008C347 /* DetailVC.swift in Sources */,
				882174E028E07A860008C347 /* TrackCollections.swift in Sources */,
				88B8F11528C8A34F00DD365A /* ViewController.swift in Sources */,
				88B8F11128C8A34F00DD365A /* AppDelegate.swift in Sources */,
				88B8F11328C8A34F00DD365A /* SceneDelegate.swift in Sources */,
				882174DC28DF86FD0008C347 /* TrackList.swift in Sources */,
			);
			runOnlyForDeploymentPostprocessing = 0;
		};
/* End PBXSourcesBuildPhase section */

/* Begin PBXVariantGroup section */
		88B8F11628C8A34F00DD365A /* Main.storyboard */ = {
			isa = PBXVariantGroup;
			children = (
				88B8F11728C8A34F00DD365A /* Base */,
			);
			name = Main.storyboard;
			sourceTree = "<group>";
		};
		88B8F11B28C8A35100DD365A /* LaunchScreen.storyboard */ = {
			isa = PBXVariantGroup;
			children = (
				88B8F11C28C8A35100DD365A /* Base */,
			);
			name = LaunchScreen.storyboard;
			sourceTree = "<group>";
		};
/* End PBXVariantGroup section */

/* Begin XCBuildConfiguration section */
		88B8F11F28C8A35100DD365A /* Debug */ = {
			isa = XCBuildConfiguration;
			buildSettings = {
				ALWAYS_SEARCH_USER_PATHS = NO;
				CLANG_ANALYZER_NONNULL = YES;
				CLANG_ANALYZER_NUMBER_OBJECT_CONVERSION = YES_AGGRESSIVE;
				CLANG_CXX_LANGUAGE_STANDARD = "gnu++17";
				CLANG_ENABLE_MODULES = YES;
				CLANG_ENABLE_OBJC_ARC = YES;
				CLANG_ENABLE_OBJC_WEAK = YES;
				CLANG_WARN_BLOCK_CAPTURE_AUTORELEASING = YES;
				CLANG_WARN_BOOL_CONVERSION = YES;
				CLANG_WARN_COMMA = YES;
				CLANG_WARN_CONSTANT_CONVERSION = YES;
				CLANG_WARN_DEPRECATED_OBJC_IMPLEMENTATIONS = YES;
				CLANG_WARN_DIRECT_OBJC_ISA_USAGE = YES_ERROR;
				CLANG_WARN_DOCUMENTATION_COMMENTS = YES;
				CLANG_WARN_EMPTY_BODY = YES;
				CLANG_WARN_ENUM_CONVERSION = YES;
				CLANG_WARN_INFINITE_RECURSION = YES;
				CLANG_WARN_INT_CONVERSION = YES;
				CLANG_WARN_NON_LITERAL_NULL_CONVERSION = YES;
				CLANG_WARN_OBJC_IMPLICIT_RETAIN_SELF = YES;
				CLANG_WARN_OBJC_LITERAL_CONVERSION = YES;
				CLANG_WARN_OBJC_ROOT_CLASS = YES_ERROR;
				CLANG_WARN_QUOTED_INCLUDE_IN_FRAMEWORK_HEADER = YES;
				CLANG_WARN_RANGE_LOOP_ANALYSIS = YES;
				CLANG_WARN_STRICT_PROTOTYPES = YES;
				CLANG_WARN_SUSPICIOUS_MOVE = YES;
				CLANG_WARN_UNGUARDED_AVAILABILITY = YES_AGGRESSIVE;
				CLANG_WARN_UNREACHABLE_CODE = YES;
				CLANG_WARN__DUPLICATE_METHOD_MATCH = YES;
				COPY_PHASE_STRIP = NO;
				DEBUG_INFORMATION_FORMAT = dwarf;
				ENABLE_STRICT_OBJC_MSGSEND = YES;
				ENABLE_TESTABILITY = YES;
				GCC_C_LANGUAGE_STANDARD = gnu11;
				GCC_DYNAMIC_NO_PIC = NO;
				GCC_NO_COMMON_BLOCKS = YES;
				GCC_OPTIMIZATION_LEVEL = 0;
				GCC_PREPROCESSOR_DEFINITIONS = (
					"DEBUG=1",
					"$(inherited)",
				);
				GCC_WARN_64_TO_32_BIT_CONVERSION = YES;
				GCC_WARN_ABOUT_RETURN_TYPE = YES_ERROR;
				GCC_WARN_UNDECLARED_SELECTOR = YES;
				GCC_WARN_UNINITIALIZED_AUTOS = YES_AGGRESSIVE;
				GCC_WARN_UNUSED_FUNCTION = YES;
				GCC_WARN_UNUSED_VARIABLE = YES;
				IPHONEOS_DEPLOYMENT_TARGET = 15.5;
				MTL_ENABLE_DEBUG_INFO = INCLUDE_SOURCE;
				MTL_FAST_MATH = YES;
				ONLY_ACTIVE_ARCH = YES;
				SDKROOT = iphoneos;
				SWIFT_ACTIVE_COMPILATION_CONDITIONS = DEBUG;
				SWIFT_OPTIMIZATION_LEVEL = "-Onone";
			};
			name = Debug;
		};
		88B8F12028C8A35100DD365A /* Release */ = {
			isa = XCBuildConfiguration;
			buildSettings = {
				ALWAYS_SEARCH_USER_PATHS = NO;
				CLANG_ANALYZER_NONNULL = YES;
				CLANG_ANALYZER_NUMBER_OBJECT_CONVERSION = YES_AGGRESSIVE;
				CLANG_CXX_LANGUAGE_STANDARD = "gnu++17";
				CLANG_ENABLE_MODULES = YES;
				CLANG_ENABLE_OBJC_ARC = YES;
				CLANG_ENABLE_OBJC_WEAK = YES;
				CLANG_WARN_BLOCK_CAPTURE_AUTORELEASING = YES;
				CLANG_WARN_BOOL_CONVERSION = YES;
				CLANG_WARN_COMMA = YES;
				CLANG_WARN_CONSTANT_CONVERSION = YES;
				CLANG_WARN_DEPRECATED_OBJC_IMPLEMENTATIONS = YES;
				CLANG_WARN_DIRECT_OBJC_ISA_USAGE = YES_ERROR;
				CLANG_WARN_DOCUMENTATION_COMMENTS = YES;
				CLANG_WARN_EMPTY_BODY = YES;
				CLANG_WARN_ENUM_CONVERSION = YES;
				CLANG_WARN_INFINITE_RECURSION = YES;
				CLANG_WARN_INT_CONVERSION = YES;
				CLANG_WARN_NON_LITERAL_NULL_CONVERSION = YES;
				CLANG_WARN_OBJC_IMPLICIT_RETAIN_SELF = YES;
				CLANG_WARN_OBJC_LITERAL_CONVERSION = YES;
				CLANG_WARN_OBJC_ROOT_CLASS = YES_ERROR;
				CLANG_WARN_QUOTED_INCLUDE_IN_FRAMEWORK_HEADER = YES;
				CLANG_WARN_RANGE_LOOP_ANALYSIS = YES;
				CLANG_WARN_STRICT_PROTOTYPES = YES;
				CLANG_WARN_SUSPICIOUS_MOVE = YES;
				CLANG_WARN_UNGUARDED_AVAILABILITY = YES_AGGRESSIVE;
				CLANG_WARN_UNREACHABLE_CODE = YES;
				CLANG_WARN__DUPLICATE_METHOD_MATCH = YES;
				COPY_PHASE_STRIP = NO;
				DEBUG_INFORMATION_FORMAT = "dwarf-with-dsym";
				ENABLE_NS_ASSERTIONS = NO;
				ENABLE_STRICT_OBJC_MSGSEND = YES;
				GCC_C_LANGUAGE_STANDARD = gnu11;
				GCC_NO_COMMON_BLOCKS = YES;
				GCC_WARN_64_TO_32_BIT_CONVERSION = YES;
				GCC_WARN_ABOUT_RETURN_TYPE = YES_ERROR;
				GCC_WARN_UNDECLARED_SELECTOR = YES;
				GCC_WARN_UNINITIALIZED_AUTOS = YES_AGGRESSIVE;
				GCC_WARN_UNUSED_FUNCTION = YES;
				GCC_WARN_UNUSED_VARIABLE = YES;
				IPHONEOS_DEPLOYMENT_TARGET = 15.5;
				MTL_ENABLE_DEBUG_INFO = NO;
				MTL_FAST_MATH = YES;
				SDKROOT = iphoneos;
				SWIFT_COMPILATION_MODE = wholemodule;
				SWIFT_OPTIMIZATION_LEVEL = "-O";
				VALIDATE_PRODUCT = YES;
			};
			name = Release;
		};
		88B8F12228C8A35100DD365A /* Debug */ = {
			isa = XCBuildConfiguration;
			buildSettings = {
				ASSETCATALOG_COMPILER_APPICON_NAME = AppIcon;
				ASSETCATALOG_COMPILER_GLOBAL_ACCENT_COLOR_NAME = AccentColor;
				CODE_SIGN_STYLE = Automatic;
				CURRENT_PROJECT_VERSION = 1;
				DEVELOPMENT_TEAM = J2GLR26RLC;
				GENERATE_INFOPLIST_FILE = YES;
				INFOPLIST_FILE = "All UIKit/Info.plist";
				INFOPLIST_KEY_UIApplicationSupportsIndirectInputEvents = YES;
				INFOPLIST_KEY_UILaunchStoryboardName = LaunchScreen;
				INFOPLIST_KEY_UIMainStoryboardFile = Main;
				INFOPLIST_KEY_UISupportedInterfaceOrientations_iPad = "UIInterfaceOrientationPortrait UIInterfaceOrientationPortraitUpsideDown UIInterfaceOrientationLandscapeLeft UIInterfaceOrientationLandscapeRight";
				INFOPLIST_KEY_UISupportedInterfaceOrientations_iPhone = "UIInterfaceOrientationPortrait UIInterfaceOrientationLandscapeLeft UIInterfaceOrientationLandscapeRight";
				LD_RUNPATH_SEARCH_PATHS = (
					"$(inherited)",
					"@executable_path/Frameworks",
				);
				MARKETING_VERSION = 1.0;
				PRODUCT_BUNDLE_IDENTIFIER = "Roman.Bogatchuk.All-UIKit";
				PRODUCT_NAME = "$(TARGET_NAME)";
				SWIFT_EMIT_LOC_STRINGS = YES;
				SWIFT_VERSION = 5.0;
				TARGETED_DEVICE_FAMILY = "1,2";
			};
			name = Debug;
		};
		88B8F12328C8A35100DD365A /* Release */ = {
			isa = XCBuildConfiguration;
			buildSettings = {
				ASSETCATALOG_COMPILER_APPICON_NAME = AppIcon;
				ASSETCATALOG_COMPILER_GLOBAL_ACCENT_COLOR_NAME = AccentColor;
				CODE_SIGN_STYLE = Automatic;
				CURRENT_PROJECT_VERSION = 1;
				DEVELOPMENT_TEAM = J2GLR26RLC;
				GENERATE_INFOPLIST_FILE = YES;
				INFOPLIST_FILE = "All UIKit/Info.plist";
				INFOPLIST_KEY_UIApplicationSupportsIndirectInputEvents = YES;
				INFOPLIST_KEY_UILaunchStoryboardName = LaunchScreen;
				INFOPLIST_KEY_UIMainStoryboardFile = Main;
				INFOPLIST_KEY_UISupportedInterfaceOrientations_iPad = "UIInterfaceOrientationPortrait UIInterfaceOrientationPortraitUpsideDown UIInterfaceOrientationLandscapeLeft UIInterfaceOrientationLandscapeRight";
				INFOPLIST_KEY_UISupportedInterfaceOrientations_iPhone = "UIInterfaceOrientationPortrait UIInterfaceOrientationLandscapeLeft UIInterfaceOrientationLandscapeRight";
				LD_RUNPATH_SEARCH_PATHS = (
					"$(inherited)",
					"@executable_path/Frameworks",
				);
				MARKETING_VERSION = 1.0;
				PRODUCT_BUNDLE_IDENTIFIER = "Roman.Bogatchuk.All-UIKit";
				PRODUCT_NAME = "$(TARGET_NAME)";
				SWIFT_EMIT_LOC_STRINGS = YES;
				SWIFT_VERSION = 5.0;
				TARGETED_DEVICE_FAMILY = "1,2";
			};
			name = Release;
		};
/* End XCBuildConfiguration section */

/* Begin XCConfigurationList section */
		88B8F10828C8A34F00DD365A /* Build configuration list for PBXProject "All UIKit" */ = {
			isa = XCConfigurationList;
			buildConfigurations = (
				88B8F11F28C8A35100DD365A /* Debug */,
				88B8F12028C8A35100DD365A /* Release */,
			);
			defaultConfigurationIsVisible = 0;
			defaultConfigurationName = Release;
		};
		88B8F12128C8A35100DD365A /* Build configuration list for PBXNativeTarget "All UIKit" */ = {
			isa = XCConfigurationList;
			buildConfigurations = (
				88B8F12228C8A35100DD365A /* Debug */,
				88B8F12328C8A35100DD365A /* Release */,
			);
			defaultConfigurationIsVisible = 0;
			defaultConfigurationName = Release;
		};
/* End XCConfigurationList section */
	};
	rootObject = 88B8F10528C8A34F00DD365A /* Project object */;
}
